// !$*UTF8*$!
{
	archiveVersion = 1;
	classes = {
	};
	objectVersion = 48;
	objects = {

/* Begin PBXBuildFile section */
		DF58DC941F92F4F100367FD4 /* AppDelegate.m in Sources */ = {isa = PBXBuildFile; fileRef = DF58DC931F92F4F100367FD4 /* AppDelegate.m */; };
		DF58DC971F92F4F100367FD4 /* ViewController.m in Sources */ = {isa = PBXBuildFile; fileRef = DF58DC961F92F4F100367FD4 /* ViewController.m */; };
		DF58DC9A1F92F4F100367FD4 /* Main.storyboard in Resources */ = {isa = PBXBuildFile; fileRef = DF58DC981F92F4F100367FD4 /* Main.storyboard */; };
		DF58DC9C1F92F4F100367FD4 /* Assets.xcassets in Resources */ = {isa = PBXBuildFile; fileRef = DF58DC9B1F92F4F100367FD4 /* Assets.xcassets */; };
		DF58DC9F1F92F4F100367FD4 /* LaunchScreen.storyboard in Resources */ = {isa = PBXBuildFile; fileRef = DF58DC9D1F92F4F100367FD4 /* LaunchScreen.storyboard */; };
		DF58DCA21F92F4F100367FD4 /* main.m in Sources */ = {isa = PBXBuildFile; fileRef = DF58DCA11F92F4F100367FD4 /* main.m */; };
		DF58DCAB1F92FE6D00367FD4 /* compute.metal in Sources */ = {isa = PBXBuildFile; fileRef = DF58DCAA1F92FE6D00367FD4 /* compute.metal */; };
		DF58DCAF1F932FCB00367FD4 /* IMG_0365.png in Resources */ = {isa = PBXBuildFile; fileRef = DF58DCAE1F932FC100367FD4 /* IMG_0365.png */; };
/* End PBXBuildFile section */

/* Begin PBXFileReference section */
		DF58DC8F1F92F4F100367FD4 /* MetalExample.app */ = {isa = PBXFileReference; explicitFileType = wrapper.application; includeInIndex = 0; path = MetalExample.app; sourceTree = BUILT_PRODUCTS_DIR; };
		DF58DC921F92F4F100367FD4 /* AppDelegate.h */ = {isa = PBXFileReference; lastKnownFileType = sourcecode.c.h; path = AppDelegate.h; sourceTree = "<group>"; };
		DF58DC931F92F4F100367FD4 /* AppDelegate.m */ = {isa = PBXFileReference; lastKnownFileType = sourcecode.c.objc; path = AppDelegate.m; sourceTree = "<group>"; };
		DF58DC951F92F4F100367FD4 /* ViewController.h */ = {isa = PBXFileReference; lastKnownFileType = sourcecode.c.h; path = ViewController.h; sourceTree = "<group>"; };
		DF58DC961F92F4F100367FD4 /* ViewController.m */ = {isa = PBXFileReference; lastKnownFileType = sourcecode.c.objc; path = ViewController.m; sourceTree = "<group>"; };
		DF58DC991F92F4F100367FD4 /* Base */ = {isa = PBXFileReference; lastKnownFileType = file.storyboard; name = Base; path = Base.lproj/Main.storyboard; sourceTree = "<group>"; };
		DF58DC9B1F92F4F100367FD4 /* Assets.xcassets */ = {isa = PBXFileReference; lastKnownFileType = folder.assetcatalog; path = Assets.xcassets; sourceTree = "<group>"; };
		DF58DC9E1F92F4F100367FD4 /* Base */ = {isa = PBXFileReference; lastKnownFileType = file.storyboard; name = Base; path = Base.lproj/LaunchScreen.storyboard; sourceTree = "<group>"; };
		DF58DCA01F92F4F100367FD4 /* Info.plist */ = {isa = PBXFileReference; lastKnownFileType = text.plist.xml; path = Info.plist; sourceTree = "<group>"; };
		DF58DCA11F92F4F100367FD4 /* main.m */ = {isa = PBXFileReference; lastKnownFileType = sourcecode.c.objc; path = main.m; sourceTree = "<group>"; };
		DF58DCAA1F92FE6D00367FD4 /* compute.metal */ = {isa = PBXFileReference; lastKnownFileType = sourcecode.metal; path = compute.metal; sourceTree = "<group>"; };
		DF58DCAE1F932FC100367FD4 /* IMG_0365.png */ = {isa = PBXFileReference; lastKnownFileType = image.png; path = IMG_0365.png; sourceTree = "<group>"; };
/* End PBXFileReference section */

/* Begin PBXFrameworksBuildPhase section */
		DF58DC8C1F92F4F100367FD4 /* Frameworks */ = {
			isa = PBXFrameworksBuildPhase;
			buildActionMask = 2147483647;
			files = (
			);
			runOnlyForDeploymentPostprocessing = 0;
		};
/* End PBXFrameworksBuildPhase section */

/* Begin PBXGroup section */
		DF58DC861F92F4F100367FD4 = {
			isa = PBXGroup;
			children = (
				DF58DC911F92F4F100367FD4 /* MetalExample */,
				DF58DC901F92F4F100367FD4 /* Products */,
			);
			sourceTree = "<group>";
		};
		DF58DC901F92F4F100367FD4 /* Products */ = {
			isa = PBXGroup;
			children = (
				DF58DC8F1F92F4F100367FD4 /* MetalExample.app */,
			);
			name = Products;
			sourceTree = "<group>";
		};
		DF58DC911F92F4F100367FD4 /* MetalExample */ = {
			isa = PBXGroup;
			children = (
				DF58DCAE1F932FC100367FD4 /* IMG_0365.png */,
				DF58DC921F92F4F100367FD4 /* AppDelegate.h */,
				DF58DC931F92F4F100367FD4 /* AppDelegate.m */,
				DF58DC951F92F4F100367FD4 /* ViewController.h */,
				DF58DC961F92F4F100367FD4 /* ViewController.m */,
				DF58DC981F92F4F100367FD4 /* Main.storyboard */,
				DF58DC9B1F92F4F100367FD4 /* Assets.xcassets */,
				DF58DC9D1F92F4F100367FD4 /* LaunchScreen.storyboard */,
				DF58DCA01F92F4F100367FD4 /* Info.plist */,
				DF58DCA11F92F4F100367FD4 /* main.m */,
				DF58DCAA1F92FE6D00367FD4 /* compute.metal */,
			);
			path = MetalExample;
			sourceTree = "<group>";
		};
/* End PBXGroup section */

/* Begin PBXNativeTarget section */
		DF58DC8E1F92F4F100367FD4 /* MetalExample */ = {
			isa = PBXNativeTarget;
			buildConfigurationList = DF58DCA51F92F4F100367FD4 /* Build configuration list for PBXNativeTarget "MetalExample" */;
			buildPhases = (
				DF58DC8B1F92F4F100367FD4 /* Sources */,
				DF58DC8C1F92F4F100367FD4 /* Frameworks */,
				DF58DC8D1F92F4F100367FD4 /* Resources */,
			);
			buildRules = (
			);
			dependencies = (
			);
			name = MetalExample;
			productName = MetalExample;
			productReference = DF58DC8F1F92F4F100367FD4 /* MetalExample.app */;
			productType = "com.apple.product-type.application";
		};
/* End PBXNativeTarget section */

/* Begin PBXProject section */
		DF58DC871F92F4F100367FD4 /* Project object */ = {
			isa = PBXProject;
			attributes = {
				LastUpgradeCheck = 0900;
				ORGANIZATIONNAME = XiaoJunZhang;
				TargetAttributes = {
					DF58DC8E1F92F4F100367FD4 = {
						CreatedOnToolsVersion = 9.0;
						ProvisioningStyle = Automatic;
					};
				};
			};
			buildConfigurationList = DF58DC8A1F92F4F100367FD4 /* Build configuration list for PBXProject "MetalExample" */;
			compatibilityVersion = "Xcode 8.0";
			developmentRegion = en;
			hasScannedForEncodings = 0;
			knownRegions = (
				en,
				Base,
			);
			mainGroup = DF58DC861F92F4F100367FD4;
			productRefGroup = DF58DC901F92F4F100367FD4 /* Products */;
			projectDirPath = "";
			projectRoot = "";
			targets = (
				DF58DC8E1F92F4F100367FD4 /* MetalExample */,
			);
		};
/* End PBXProject section */

/* Begin PBXResourcesBuildPhase section */
		DF58DC8D1F92F4F100367FD4 /* Resources */ = {
			isa = PBXResourcesBuildPhase;
			buildActionMask = 2147483647;
			files = (
				DF58DC9F1F92F4F100367FD4 /* LaunchScreen.storyboard in Resources */,
				DF58DCAF1F932FCB00367FD4 /* IMG_0365.png in Resources */,
				DF58DC9C1F92F4F100367FD4 /* Assets.xcassets in Resources */,
				DF58DC9A1F92F4F100367FD4 /* Main.storyboard in Resources */,
			);
			runOnlyForDeploymentPostprocessing = 0;
		};
/* End PBXResourcesBuildPhase section */

/* Begin PBXSourcesBuildPhase section */
		DF58DC8B1F92F4F100367FD4 /* Sources */ = {
			isa = PBXSourcesBuildPhase;
			buildActionMask = 2147483647;
			files = (
				DF58DC971F92F4F100367FD4 /* ViewController.m in Sources */,
				DF58DCAB1F92FE6D00367FD4 /* compute.metal in Sources */,
				DF58DCA21F92F4F100367FD4 /* main.m in Sources */,
				DF58DC941F92F4F100367FD4 /* AppDelegate.m in Sources */,
			);
			runOnlyForDeploymentPostprocessing = 0;
		};
/* End PBXSourcesBuildPhase section */

/* Begin PBXVariantGroup section */
		DF58DC981F92F4F100367FD4 /* Main.storyboard */ = {
			isa = PBXVariantGroup;
			children = (
				DF58DC991F92F4F100367FD4 /* Base */,
			);
			name = Main.storyboard;
			sourceTree = "<group>";
		};
		DF58DC9D1F92F4F100367FD4 /* LaunchScreen.storyboard */ = {
			isa = PBXVariantGroup;
			children = (
				DF58DC9E1F92F4F100367FD4 /* Base */,
			);
			name = LaunchScreen.storyboard;
			sourceTree = "<group>";
		};
/* End PBXVariantGroup section */

/* Begin XCBuildConfiguration section */
		DF58DCA31F92F4F100367FD4 /* Debug */ = {
			isa = XCBuildConfiguration;
			buildSettings = {
				ALWAYS_SEARCH_USER_PATHS = NO;
				CLANG_ANALYZER_NONNULL = YES;
				CLANG_ANALYZER_NUMBER_OBJECT_CONVERSION = YES_AGGRESSIVE;
				CLANG_CXX_LANGUAGE_STANDARD = "gnu++14";
				CLANG_CXX_LIBRARY = "libc++";
				CLANG_ENABLE_MODULES = YES;
				CLANG_ENABLE_OBJC_ARC = YES;
				CLANG_WARN_BLOCK_CAPTURE_AUTORELEASING = YES;
				CLANG_WARN_BOOL_CONVERSION = YES;
				CLANG_WARN_COMMA = YES;
				CLANG_WARN_CONSTANT_CONVERSION = YES;
				CLANG_WARN_DIRECT_OBJC_ISA_USAGE = YES_ERROR;
				CLANG_WARN_DOCUMENTATION_COMMENTS = YES;
				CLANG_WARN_EMPTY_BODY = YES;
				CLANG_WARN_ENUM_CONVERSION = YES;
				CLANG_WARN_INFINITE_RECURSION = YES;
				CLANG_WARN_INT_CONVERSION = YES;
				CLANG_WARN_NON_LITERAL_NULL_CONVERSION = YES;
				CLANG_WARN_OBJC_LITERAL_CONVERSION = YES;
				CLANG_WARN_OBJC_ROOT_CLASS = YES_ERROR;
				CLANG_WARN_RANGE_LOOP_ANALYSIS = YES;
				CLANG_WARN_STRICT_PROTOTYPES = YES;
				CLANG_WARN_SUSPICIOUS_MOVE = YES;
				CLANG_WARN_UNGUARDED_AVAILABILITY = YES_AGGRESSIVE;
				CLANG_WARN_UNREACHABLE_CODE = YES;
				CLANG_WARN__DUPLICATE_METHOD_MATCH = YES;
				CODE_SIGN_IDENTITY = "iPhone Developer";
				COPY_PHASE_STRIP = NO;
				DEBUG_INFORMATION_FORMAT = dwarf;
				ENABLE_STRICT_OBJC_MSGSEND = YES;
				ENABLE_TESTABILITY = YES;
				GCC_C_LANGUAGE_STANDARD = gnu11;
				GCC_DYNAMIC_NO_PIC = NO;
				GCC_NO_COMMON_BLOCKS = YES;
				GCC_OPTIMIZATION_LEVEL = 0;
				GCC_PREPROCESSOR_DEFINITIONS = (
					"DEBUG=1",
					"$(inherited)",
				);
				GCC_WARN_64_TO_32_BIT_CONVERSION = YES;
				GCC_WARN_ABOUT_RETURN_TYPE = YES_ERROR;
				GCC_WARN_UNDECLARED_SELECTOR = YES;
				GCC_WARN_UNINITIALIZED_AUTOS = YES_AGGRESSIVE;
				GCC_WARN_UNUSED_FUNCTION = YES;
				GCC_WARN_UNUSED_VARIABLE = YES;
				IPHONEOS_DEPLOYMENT_TARGET = 11.0;
				MTL_ENABLE_DEBUG_INFO = YES;
				ONLY_ACTIVE_ARCH = YES;
				SDKROOT = iphoneos;
			};
			name = Debug;
		};
		DF58DCA41F92F4F100367FD4 /* Release */ = {
			isa = XCBuildConfiguration;
			buildSettings = {
				ALWAYS_SEARCH_USER_PATHS = NO;
				CLANG_ANALYZER_NONNULL = YES;
				CLANG_ANALYZER_NUMBER_OBJECT_CONVERSION = YES_AGGRESSIVE;
				CLANG_CXX_LANGUAGE_STANDARD = "gnu++14";
				CLANG_CXX_LIBRARY = "libc++";
				CLANG_ENABLE_MODULES = YES;
				CLANG_ENABLE_OBJC_ARC = YES;
				CLANG_WARN_BLOCK_CAPTURE_AUTORELEASING = YES;
				CLANG_WARN_BOOL_CONVERSION = YES;
				CLANG_WARN_COMMA = YES;
				CLANG_WARN_CONSTANT_CONVERSION = YES;
				CLANG_WARN_DIRECT_OBJC_ISA_USAGE = YES_ERROR;
				CLANG_WARN_DOCUMENTATION_COMMENTS = YES;
				CLANG_WARN_EMPTY_BODY = YES;
				CLANG_WARN_ENUM_CONVERSION = YES;
				CLANG_WARN_INFINITE_RECURSION = YES;
				CLANG_WARN_INT_CONVERSION = YES;
				CLANG_WARN_NON_LITERAL_NULL_CONVERSION = YES;
				CLANG_WARN_OBJC_LITERAL_CONVERSION = YES;
				CLANG_WARN_OBJC_ROOT_CLASS = YES_ERROR;
				CLANG_WARN_RANGE_LOOP_ANALYSIS = YES;
				CLANG_WARN_STRICT_PROTOTYPES = YES;
				CLANG_WARN_SUSPICIOUS_MOVE = YES;
				CLANG_WARN_UNGUARDED_AVAILABILITY = YES_AGGRESSIVE;
				CLANG_WARN_UNREACHABLE_CODE = YES;
				CLANG_WARN__DUPLICATE_METHOD_MATCH = YES;
				CODE_SIGN_IDENTITY = "iPhone Developer";
				COPY_PHASE_STRIP = NO;
				DEBUG_INFORMATION_FORMAT = "dwarf-with-dsym";
				ENABLE_NS_ASSERTIONS = NO;
				ENABLE_STRICT_OBJC_MSGSEND = YES;
				GCC_C_LANGUAGE_STANDARD = gnu11;
				GCC_NO_COMMON_BLOCKS = YES;
				GCC_WARN_64_TO_32_BIT_CONVERSION = YES;
				GCC_WARN_ABOUT_RETURN_TYPE = YES_ERROR;
				GCC_WARN_UNDECLARED_SELECTOR = YES;
				GCC_WARN_UNINITIALIZED_AUTOS = YES_AGGRESSIVE;
				GCC_WARN_UNUSED_FUNCTION = YES;
				GCC_WARN_UNUSED_VARIABLE = YES;
				IPHONEOS_DEPLOYMENT_TARGET = 11.0;
				MTL_ENABLE_DEBUG_INFO = NO;
				SDKROOT = iphoneos;
				VALIDATE_PRODUCT = YES;
			};
			name = Release;
		};
		DF58DCA61F92F4F100367FD4 /* Debug */ = {
			isa = XCBuildConfiguration;
			buildSettings = {
				ASSETCATALOG_COMPILER_APPICON_NAME = AppIcon;
				"CODE_SIGN_IDENTITY[sdk=iphoneos*]" = "iPhone Developer";
				CODE_SIGN_STYLE = Automatic;
				DEVELOPMENT_TEAM = GF2Q8C9YZ3;
				INFOPLIST_FILE = MetalExample/Info.plist;
				LD_RUNPATH_SEARCH_PATHS = "$(inherited) @executable_path/Frameworks";
				PRODUCT_BUNDLE_IDENTIFIER = com.zxj.MetalExample;
				PRODUCT_NAME = "$(TARGET_NAME)";
				PROVISIONING_PROFILE = "";
				PROVISIONING_PROFILE_SPECIFIER = "";
				TARGETED_DEVICE_FAMILY = "1,2";
			};
			name = Debug;
		};
		DF58DCA71F92F4F100367FD4 /* Release */ = {
			isa = XCBuildConfiguration;
			buildSettings = {
				ASSETCATALOG_COMPILER_APPICON_NAME = AppIcon;
				"CODE_SIGN_IDENTITY[sdk=iphoneos*]" = "iPhone Developer";
				CODE_SIGN_STYLE = Automatic;
				DEVELOPMENT_TEAM = GF2Q8C9YZ3;
				INFOPLIST_FILE = MetalExample/Info.plist;
				LD_RUNPATH_SEARCH_PATHS = "$(inherited) @executable_path/Frameworks";
				PRODUCT_BUNDLE_IDENTIFIER = com.zxj.MetalExample;
				PRODUCT_NAME = "$(TARGET_NAME)";
				PROVISIONING_PROFILE_SPECIFIER = "";
				TARGETED_DEVICE_FAMILY = "1,2";
			};
			name = Release;
		};
/* End XCBuildConfiguration section */

/* Begin XCConfigurationList section */
		DF58DC8A1F92F4F100367FD4 /* Build configuration list for PBXProject "MetalExample" */ = {
			isa = XCConfigurationList;
			buildConfigurations = (
				DF58DCA31F92F4F100367FD4 /* Debug */,
				DF58DCA41F92F4F100367FD4 /* Release */,
			);
			defaultConfigurationIsVisible = 0;
			defaultConfigurationName = Release;
		};
		DF58DCA51F92F4F100367FD4 /* Build configuration list for PBXNativeTarget "MetalExample" */ = {
			isa = XCConfigurationList;
			buildConfigurations = (
				DF58DCA61F92F4F100367FD4 /* Debug */,
				DF58DCA71F92F4F100367FD4 /* Release */,
			);
			defaultConfigurationIsVisible = 0;
			defaultConfigurationName = Release;
		};
/* End XCConfigurationList section */
	};
	rootObject = DF58DC871F92F4F100367FD4 /* Project object */;
}
